
Microsoft Visual Studio Solution File, Format Version 12.00
# Visual Studio Version 17
VisualStudioVersion = 17.1.32210.238
MinimumVisualStudioVersion = 10.0.40219.1
Project("{FAE04EC0-301F-11D3-BF4B-00C04F79EFBC}") = "1500_fahrenheit_to_celsius", "1500_fahrenheit_to_celsius.csproj", "{4C29B983-9380-48ED-BF04-68DD22153467}"
EndProject
Global
	GlobalSection(SolutionConfigurationPlatforms) = preSolution
		Debug|Any CPU = Debug|Any CPU
		Release|Any CPU = Release|Any CPU
	EndGlobalSection
	GlobalSection(ProjectConfigurationPlatforms) = postSolution
		{4C29B983-9380-48ED-BF04-68DD22153467}.Debug|Any CPU.ActiveCfg = Debug|Any CPU
		{4C29B983-9380-48ED-BF04-68DD22153467}.Debug|Any CPU.Build.0 = Debug|Any CPU
		{4C29B983-9380-48ED-BF04-68DD22153467}.Release|Any CPU.ActiveCfg = Release|Any CPU
		{4C29B983-9380-48ED-BF04-68DD22153467}.Release|Any CPU.Build.0 = Release|Any CPU
	EndGlobalSection
	GlobalSection(SolutionProperties) = preSolution
		HideSolutionNode = FALSE
	EndGlobalSection
	GlobalSection(ExtensibilityGlobals) = postSolution
		SolutionGuid = {46BCD8A5-55F7-43F8-9BF4-1962F3013ECB}
	EndGlobalSection
EndGlobal
